
Microsoft Visual Studio Solution File, Format Version 12.00
# Visual Studio Version 16
VisualStudioVersion = 16.0.32802.440
MinimumVisualStudioVersion = 10.0.40219.1
Project("{FAE04EC0-301F-11D3-BF4B-00C04F79EFBC}") = "AspectOriented.Bll", "AspectOriented.Bll\AspectOriented.Bll.csproj", "{E5D78A93-A060-408B-8011-DF2D77FD28B0}"
EndProject
Project("{FAE04EC0-301F-11D3-BF4B-00C04F79EFBC}") = "AspectOriented.Core", "AspectOriented.Core\AspectOriented.Core.csproj", "{8A0E725D-C6B1-459D-87F0-8C47AE0AEC25}"
EndProject
Project("{FAE04EC0-301F-11D3-BF4B-00C04F79EFBC}") = "AspectOriented.Entity", "AspectOriented.Entity\AspectOriented.Entity.csproj", "{1CF4FB19-90A1-4880-BCDC-1603C6F29FE7}"
EndProject
Project("{FAE04EC0-301F-11D3-BF4B-00C04F79EFBC}") = "AspectOriented.Api", "AspectOriented.Api\AspectOriented.Api.csproj", "{E39A6CA4-0DD5-4D2D-B909-2812667C3509}"
EndProject
Project("{FAE04EC0-301F-11D3-BF4B-00C04F79EFBC}") = "AspectOriented.Dal", "AspectOriented.Dal\AspectOriented.Dal.csproj", "{CFB617E8-AC0C-4222-A8F4-0FFF8D6F7597}"
EndProject
Global
	GlobalSection(SolutionConfigurationPlatforms) = preSolution
		Debug|Any CPU = Debug|Any CPU
		Release|Any CPU = Release|Any CPU
	EndGlobalSection
	GlobalSection(ProjectConfigurationPlatforms) = postSolution
		{E5D78A93-A060-408B-8011-DF2D77FD28B0}.Debug|Any CPU.ActiveCfg = Debug|Any CPU
		{E5D78A93-A060-408B-8011-DF2D77FD28B0}.Debug|Any CPU.Build.0 = Debug|Any CPU
		{E5D78A93-A060-408B-8011-DF2D77FD28B0}.Release|Any CPU.ActiveCfg = Release|Any CPU
		{E5D78A93-A060-408B-8011-DF2D77FD28B0}.Release|Any CPU.Build.0 = Release|Any CPU
		{8A0E725D-C6B1-459D-87F0-8C47AE0AEC25}.Debug|Any CPU.ActiveCfg = Debug|Any CPU
		{8A0E725D-C6B1-459D-87F0-8C47AE0AEC25}.Debug|Any CPU.Build.0 = Debug|Any CPU
		{8A0E725D-C6B1-459D-87F0-8C47AE0AEC25}.Release|Any CPU.ActiveCfg = Release|Any CPU
		{8A0E725D-C6B1-459D-87F0-8C47AE0AEC25}.Release|Any CPU.Build.0 = Release|Any CPU
		{1CF4FB19-90A1-4880-BCDC-1603C6F29FE7}.Debug|Any CPU.ActiveCfg = Debug|Any CPU
		{1CF4FB19-90A1-4880-BCDC-1603C6F29FE7}.Debug|Any CPU.Build.0 = Debug|Any CPU
		{1CF4FB19-90A1-4880-BCDC-1603C6F29FE7}.Release|Any CPU.ActiveCfg = Release|Any CPU
		{1CF4FB19-90A1-4880-BCDC-1603C6F29FE7}.Release|Any CPU.Build.0 = Release|Any CPU
		{E39A6CA4-0DD5-4D2D-B909-2812667C3509}.Debug|Any CPU.ActiveCfg = Debug|Any CPU
		{E39A6CA4-0DD5-4D2D-B909-2812667C3509}.Debug|Any CPU.Build.0 = Debug|Any CPU
		{E39A6CA4-0DD5-4D2D-B909-2812667C3509}.Release|Any CPU.ActiveCfg = Release|Any CPU
		{E39A6CA4-0DD5-4D2D-B909-2812667C3509}.Release|Any CPU.Build.0 = Release|Any CPU
		{CFB617E8-AC0C-4222-A8F4-0FFF8D6F7597}.Debug|Any CPU.ActiveCfg = Debug|Any CPU
		{CFB617E8-AC0C-4222-A8F4-0FFF8D6F7597}.Debug|Any CPU.Build.0 = Debug|Any CPU
		{CFB617E8-AC0C-4222-A8F4-0FFF8D6F7597}.Release|Any CPU.ActiveCfg = Release|Any CPU
		{CFB617E8-AC0C-4222-A8F4-0FFF8D6F7597}.Release|Any CPU.Build.0 = Release|Any CPU
	EndGlobalSection
	GlobalSection(SolutionProperties) = preSolution
		HideSolutionNode = FALSE
	EndGlobalSection
	GlobalSection(ExtensibilityGlobals) = postSolution
		SolutionGuid = {CCCDA3B4-4607-4230-8EE1-7FED1DF9073B}
	EndGlobalSection
EndGlobal
